
Microsoft Visual Studio Solution File, Format Version 12.00
# Visual Studio Version 17
VisualStudioVersion = 17.10.35122.118
MinimumVisualStudioVersion = 10.0.40219.1
Project("{FAE04EC0-301F-11D3-BF4B-00C04F79EFBC}") = "OtoServisSatis.WebUI", "OtoServisSatis.WebUI\OtoServisSatis.WebUI.csproj", "{DA6255EE-3913-4CE7-AC0C-70722D34B98A}"
EndProject
Project("{FAE04EC0-301F-11D3-BF4B-00C04F79EFBC}") = "OtoServisSatis.Entities", "OtoServisSatis.Entities\OtoServisSatis.Entities.csproj", "{C9979138-0F4E-4959-B32C-F29E4B9211CC}"
EndProject
Project("{FAE04EC0-301F-11D3-BF4B-00C04F79EFBC}") = "OtoServisSatis.Data", "OtoServisSatis.Data\OtoServisSatis.Data.csproj", "{E83272F5-24E1-4BED-901A-29468E154350}"
EndProject
Project("{FAE04EC0-301F-11D3-BF4B-00C04F79EFBC}") = "OtoServisSatis.Service", "OtoServisSatis.Service\OtoServisSatis.Service.csproj", "{5229C376-55FA-471D-B894-7FB9D45C4F22}"
EndProject
Global
	GlobalSection(SolutionConfigurationPlatforms) = preSolution
		Debug|Any CPU = Debug|Any CPU
		Release|Any CPU = Release|Any CPU
	EndGlobalSection
	GlobalSection(ProjectConfigurationPlatforms) = postSolution
		{DA6255EE-3913-4CE7-AC0C-70722D34B98A}.Debug|Any CPU.ActiveCfg = Debug|Any CPU
		{DA6255EE-3913-4CE7-AC0C-70722D34B98A}.Debug|Any CPU.Build.0 = Debug|Any CPU
		{DA6255EE-3913-4CE7-AC0C-70722D34B98A}.Release|Any CPU.ActiveCfg = Release|Any CPU
		{DA6255EE-3913-4CE7-AC0C-70722D34B98A}.Release|Any CPU.Build.0 = Release|Any CPU
		{C9979138-0F4E-4959-B32C-F29E4B9211CC}.Debug|Any CPU.ActiveCfg = Debug|Any CPU
		{C9979138-0F4E-4959-B32C-F29E4B9211CC}.Debug|Any CPU.Build.0 = Debug|Any CPU
		{C9979138-0F4E-4959-B32C-F29E4B9211CC}.Release|Any CPU.ActiveCfg = Release|Any CPU
		{C9979138-0F4E-4959-B32C-F29E4B9211CC}.Release|Any CPU.Build.0 = Release|Any CPU
		{E83272F5-24E1-4BED-901A-29468E154350}.Debug|Any CPU.ActiveCfg = Debug|Any CPU
		{E83272F5-24E1-4BED-901A-29468E154350}.Debug|Any CPU.Build.0 = Debug|Any CPU
		{E83272F5-24E1-4BED-901A-29468E154350}.Release|Any CPU.ActiveCfg = Release|Any CPU
		{E83272F5-24E1-4BED-901A-29468E154350}.Release|Any CPU.Build.0 = Release|Any CPU
		{5229C376-55FA-471D-B894-7FB9D45C4F22}.Debug|Any CPU.ActiveCfg = Debug|Any CPU
		{5229C376-55FA-471D-B894-7FB9D45C4F22}.Debug|Any CPU.Build.0 = Debug|Any CPU
		{5229C376-55FA-471D-B894-7FB9D45C4F22}.Release|Any CPU.ActiveCfg = Release|Any CPU
		{5229C376-55FA-471D-B894-7FB9D45C4F22}.Release|Any CPU.Build.0 = Release|Any CPU
	EndGlobalSection
	GlobalSection(SolutionProperties) = preSolution
		HideSolutionNode = FALSE
	EndGlobalSection
	GlobalSection(ExtensibilityGlobals) = postSolution
		SolutionGuid = {E071B714-641C-4780-9628-2890C56FD7B3}
	EndGlobalSection
EndGlobal
